
Microsoft Visual Studio Solution File, Format Version 12.00
# Visual Studio Version 16
VisualStudioVersion = 16.0.30907.101
MinimumVisualStudioVersion = 10.0.40219.1
Project("{FAE04EC0-301F-11D3-BF4B-00C04F79EFBC}") = "FluentAPI", "FluentAPI\FluentAPI.csproj", "{73F3CACA-F8DD-4616-BB95-6403CB15D923}"
EndProject
Global
	GlobalSection(SolutionConfigurationPlatforms) = preSolution
		Debug|Any CPU = Debug|Any CPU
		Release|Any CPU = Release|Any CPU
	EndGlobalSection
	GlobalSection(ProjectConfigurationPlatforms) = postSolution
		{73F3CACA-F8DD-4616-BB95-6403CB15D923}.Debug|Any CPU.ActiveCfg = Debug|Any CPU
		{73F3CACA-F8DD-4616-BB95-6403CB15D923}.Debug|Any CPU.Build.0 = Debug|Any CPU
		{73F3CACA-F8DD-4616-BB95-6403CB15D923}.Release|Any CPU.ActiveCfg = Release|Any CPU
		{73F3CACA-F8DD-4616-BB95-6403CB15D923}.Release|Any CPU.Build.0 = Release|Any CPU
	EndGlobalSection
	GlobalSection(SolutionProperties) = preSolution
		HideSolutionNode = FALSE
	EndGlobalSection
	GlobalSection(ExtensibilityGlobals) = postSolution
		SolutionGuid = {309A02DE-D846-4C53-A844-BCCE04F7C40D}
	EndGlobalSection
EndGlobal
